
Microsoft Visual Studio Solution File, Format Version 12.00
# Visual Studio Version 16
VisualStudioVersion = 16.0.29920.165
MinimumVisualStudioVersion = 10.0.40219.1
Project("{9A19103F-16F7-4668-BE54-9A1E7A4F7556}") = "CK.Sprite.JobCore", "CK.Sprite.JobCore\CK.Sprite.JobCore.csproj", "{1A2B56F5-E208-439D-9CE0-AA4737CC224A}"
EndProject
Project("{FAE04EC0-301F-11D3-BF4B-00C04F79EFBC}") = "CK.Sprite.JobBusiness", "CK.Sprite.JobBusiness\CK.Sprite.JobBusiness.csproj", "{0A832E12-DBAC-468A-9EBB-B26A36229E06}"
EndProject
Project("{FAE04EC0-301F-11D3-BF4B-00C04F79EFBC}") = "CK.Sprite.JobWebHost", "CK.Sprite.JobWebHost\CK.Sprite.JobWebHost.csproj", "{AF483030-B53C-4FAA-B579-CE934CD99B74}"
EndProject
Global
	GlobalSection(SolutionConfigurationPlatforms) = preSolution
		Debug|Any CPU = Debug|Any CPU
		Release|Any CPU = Release|Any CPU
	EndGlobalSection
	GlobalSection(ProjectConfigurationPlatforms) = postSolution
		{1A2B56F5-E208-439D-9CE0-AA4737CC224A}.Debug|Any CPU.ActiveCfg = Debug|Any CPU
		{1A2B56F5-E208-439D-9CE0-AA4737CC224A}.Debug|Any CPU.Build.0 = Debug|Any CPU
		{1A2B56F5-E208-439D-9CE0-AA4737CC224A}.Release|Any CPU.ActiveCfg = Release|Any CPU
		{1A2B56F5-E208-439D-9CE0-AA4737CC224A}.Release|Any CPU.Build.0 = Release|Any CPU
		{0A832E12-DBAC-468A-9EBB-B26A36229E06}.Debug|Any CPU.ActiveCfg = Debug|Any CPU
		{0A832E12-DBAC-468A-9EBB-B26A36229E06}.Debug|Any CPU.Build.0 = Debug|Any CPU
		{0A832E12-DBAC-468A-9EBB-B26A36229E06}.Release|Any CPU.ActiveCfg = Release|Any CPU
		{0A832E12-DBAC-468A-9EBB-B26A36229E06}.Release|Any CPU.Build.0 = Release|Any CPU
		{AF483030-B53C-4FAA-B579-CE934CD99B74}.Debug|Any CPU.ActiveCfg = Debug|Any CPU
		{AF483030-B53C-4FAA-B579-CE934CD99B74}.Debug|Any CPU.Build.0 = Debug|Any CPU
		{AF483030-B53C-4FAA-B579-CE934CD99B74}.Release|Any CPU.ActiveCfg = Release|Any CPU
		{AF483030-B53C-4FAA-B579-CE934CD99B74}.Release|Any CPU.Build.0 = Release|Any CPU
	EndGlobalSection
	GlobalSection(SolutionProperties) = preSolution
		HideSolutionNode = FALSE
	EndGlobalSection
	GlobalSection(ExtensibilityGlobals) = postSolution
		SolutionGuid = {306EF47A-C55E-4C89-A25E-B8E54ED51264}
	EndGlobalSection
EndGlobal
